
Microsoft Visual Studio Solution File, Format Version 12.00
# Visual Studio Version 16
VisualStudioVersion = 16.0.30406.217
MinimumVisualStudioVersion = 10.0.40219.1
Project("{9A19103F-16F7-4668-BE54-9A1E7A4F7556}") = "ConsoleApp1", "ConsoleApp1\ConsoleApp1.csproj", "{38B1613F-2CEF-4B44-8078-D61B9BC6645D}"
EndProject
Project("{FAE04EC0-301F-11D3-BF4B-00C04F79EFBC}") = "NUnitTestProject1", "NUnitTestProject1\NUnitTestProject1.csproj", "{A3EB44E8-3242-4434-B111-E5190B8F9967}"
	ProjectSection(ProjectDependencies) = postProject
		{38B1613F-2CEF-4B44-8078-D61B9BC6645D} = {38B1613F-2CEF-4B44-8078-D61B9BC6645D}
	EndProjectSection
EndProject
Global
	GlobalSection(SolutionConfigurationPlatforms) = preSolution
		Debug|Any CPU = Debug|Any CPU
		Release|Any CPU = Release|Any CPU
	EndGlobalSection
	GlobalSection(ProjectConfigurationPlatforms) = postSolution
		{38B1613F-2CEF-4B44-8078-D61B9BC6645D}.Debug|Any CPU.ActiveCfg = Debug|Any CPU
		{38B1613F-2CEF-4B44-8078-D61B9BC6645D}.Debug|Any CPU.Build.0 = Debug|Any CPU
		{38B1613F-2CEF-4B44-8078-D61B9BC6645D}.Release|Any CPU.ActiveCfg = Release|Any CPU
		{38B1613F-2CEF-4B44-8078-D61B9BC6645D}.Release|Any CPU.Build.0 = Release|Any CPU
		{A3EB44E8-3242-4434-B111-E5190B8F9967}.Debug|Any CPU.ActiveCfg = Debug|Any CPU
		{A3EB44E8-3242-4434-B111-E5190B8F9967}.Debug|Any CPU.Build.0 = Debug|Any CPU
		{A3EB44E8-3242-4434-B111-E5190B8F9967}.Release|Any CPU.ActiveCfg = Release|Any CPU
		{A3EB44E8-3242-4434-B111-E5190B8F9967}.Release|Any CPU.Build.0 = Release|Any CPU
	EndGlobalSection
	GlobalSection(SolutionProperties) = preSolution
		HideSolutionNode = FALSE
	EndGlobalSection
	GlobalSection(ExtensibilityGlobals) = postSolution
		SolutionGuid = {1F375E69-5304-42DB-A34D-1423286CBA51}
	EndGlobalSection
EndGlobal
